{
  "name": "@uppy/form",
  "version": "0.28.0",
  "lockfileVersion": 1,
  "requires": true,
  "dependencies": {
    "@uppy/core": {
      "version": "0.28.0",
      "dev": true,
      "requires": {
        "@uppy/store-default": "0.27.0",
        "@uppy/utils": "0.28.0",
        "cuid": "^2.1.1",
        "lodash.throttle": "^4.1.1",
        "mime-match": "^1.0.2",
        "namespace-emitter": "^2.0.1",
        "preact": "^8.2.9",
        "prettier-bytes": "^1.0.4"
      },
      "dependencies": {
        "@uppy/store-default": {
          "version": "0.27.0",
          "bundled": true,
          "dev": true
        },
        "@uppy/utils": {
          "version": "0.28.0",
          "bundled": true,
          "dev": true,
          "requires": {
            "lodash.throttle": "^4.1.1"
          },
          "dependencies": {
            "lodash.throttle": {
              "version": "4.1.1",
              "bundled": true
            }
          }
        },
        "cuid": {
          "version": "2.1.4",
          "bundled": true,
          "dev": true
        },
        "lodash.throttle": {
          "version": "4.1.1",
          "bundled": true,
          "dev": true
        },
        "mime-match": {
          "version": "1.0.2",
          "bundled": true,
          "dev": true,
          "requires": {
            "wildcard": "^1.1.0"
          }
        },
        "namespace-emitter": {
          "version": "2.0.1",
          "bundled": true,
          "dev": true
        },
        "preact": {
          "version": "8.3.1",
          "bundled": true,
          "dev": true
        },
        "prettier-bytes": {
          "version": "1.0.4",
          "bundled": true,
          "dev": true
        },
        "wildcard": {
          "version": "1.1.2",
          "bundled": true,
          "dev": true
        }
      }
    },
    "@uppy/utils": {
      "version": "0.28.0",
      "requires": {
        "lodash.throttle": "^4.1.1"
      },
      "dependencies": {
        "lodash.throttle": {
          "version": "4.1.1",
          "bundled": true
        }
      }
    },
    "get-form-data": {
      "version": "2.0.0",
      "resolved": "https://registry.npmjs.org/get-form-data/-/get-form-data-2.0.0.tgz",
      "integrity": "sha512-YUpw0aTWeGliifqMYrTohe/YdqVmKLmaNwuscd2WlRNGfba57JHGuuvvv2c6LiZdFys285POVWANTh6SqcwFag=="
    }
  }
}
