{
  "name": "@uppy/google-drive",
  "version": "0.28.0",
  "lockfileVersion": 1,
  "requires": true,
  "dependencies": {
    "@uppy/companion-client": {
      "version": "0.27.2",
      "requires": {
        "namespace-emitter": "^2.0.1"
      },
      "dependencies": {
        "namespace-emitter": {
          "version": "2.0.1",
          "bundled": true
        }
      }
    },
    "@uppy/core": {
      "version": "0.28.0",
      "dev": true,
      "requires": {
        "@uppy/store-default": "0.27.0",
        "@uppy/utils": "0.28.0",
        "cuid": "^2.1.1",
        "lodash.throttle": "^4.1.1",
        "mime-match": "^1.0.2",
        "namespace-emitter": "^2.0.1",
        "preact": "^8.2.9",
        "prettier-bytes": "^1.0.4"
      },
      "dependencies": {
        "@uppy/store-default": {
          "version": "0.27.0",
          "bundled": true
        },
        "@uppy/utils": {
          "version": "0.28.0",
          "bundled": true,
          "requires": {
            "lodash.throttle": "^4.1.1"
          },
          "dependencies": {
            "lodash.throttle": {
              "version": "4.1.1",
              "bundled": true
            }
          }
        },
        "cuid": {
          "version": "2.1.4",
          "bundled": true
        },
        "lodash.throttle": {
          "version": "4.1.1",
          "bundled": true
        },
        "mime-match": {
          "version": "1.0.2",
          "bundled": true,
          "requires": {
            "wildcard": "^1.1.0"
          }
        },
        "namespace-emitter": {
          "version": "2.0.1",
          "bundled": true
        },
        "preact": {
          "version": "8.3.1",
          "bundled": true
        },
        "prettier-bytes": {
          "version": "1.0.4",
          "bundled": true
        },
        "wildcard": {
          "version": "1.1.2",
          "bundled": true
        }
      }
    },
    "@uppy/provider-views": {
      "version": "0.28.0",
      "requires": {
        "@uppy/utils": "0.28.0",
        "classnames": "^2.2.6",
        "preact": "^8.2.9"
      },
      "dependencies": {
        "@uppy/core": {
          "bundled": true,
          "requires": {
            "@uppy/store-default": "0.27.0",
            "@uppy/utils": "0.28.0",
            "cuid": "^2.1.1",
            "lodash.throttle": "^4.1.1",
            "mime-match": "^1.0.2",
            "namespace-emitter": "^2.0.1",
            "preact": "^8.2.9",
            "prettier-bytes": "^1.0.4"
          },
          "dependencies": {
            "@uppy/store-default": {
              "version": "0.27.0",
              "bundled": true
            },
            "@uppy/utils": {
              "version": "0.28.0",
              "bundled": true,
              "requires": {
                "lodash.throttle": "^4.1.1"
              },
              "dependencies": {}
            },
            "cuid": {
              "version": "2.1.4",
              "bundled": true
            },
            "lodash.throttle": {
              "version": "4.1.1",
              "bundled": true
            },
            "mime-match": {
              "version": "1.0.2",
              "bundled": true,
              "requires": {
                "wildcard": "^1.1.0"
              }
            },
            "namespace-emitter": {
              "version": "2.0.1",
              "bundled": true
            },
            "preact": {
              "version": "8.3.1",
              "bundled": true
            },
            "prettier-bytes": {
              "version": "1.0.4",
              "bundled": true
            },
            "wildcard": {
              "version": "1.1.2",
              "bundled": true
            }
          }
        },
        "@uppy/utils": {
          "version": "0.28.0",
          "bundled": true,
          "requires": {
            "lodash.throttle": "^4.1.1"
          },
          "dependencies": {
            "lodash.throttle": {
              "version": "4.1.1",
              "bundled": true
            }
          }
        },
        "classnames": {
          "version": "2.2.6",
          "bundled": true
        },
        "preact": {
          "version": "8.3.1",
          "bundled": true
        }
      }
    },
    "@uppy/utils": {
      "version": "0.28.0",
      "requires": {
        "lodash.throttle": "^4.1.1"
      },
      "dependencies": {
        "lodash.throttle": {
          "version": "4.1.1",
          "bundled": true
        }
      }
    },
    "preact": {
      "version": "8.3.1",
      "resolved": "https://registry.npmjs.org/preact/-/preact-8.3.1.tgz",
      "integrity": "sha512-s8H1Y8O9e+mOBo3UP1jvWqArPmjCba2lrrGLlq/0kN1XuIINUbYtf97iiXKxCuG3eYwmppPKnyW2DBrNj/TuTg=="
    }
  }
}
